
Microsoft Visual Studio Solution File, Format Version 12.00
# Visual Studio 15
VisualStudioVersion = 15.0.27428.2037
MinimumVisualStudioVersion = 10.0.40219.1
Project("{9A19103F-16F7-4668-BE54-9A1E7A4F7556}") = "PacketBuilderLibrary", "PacketBuilderLibrary\PacketBuilderLibrary.csproj", "{4E771915-F9D1-48E8-842F-D6C6E245F746}"
EndProject
Project("{9A19103F-16F7-4668-BE54-9A1E7A4F7556}") = "PacketBuilderLibrary.Tests", "PacketBuilderLibrary.Tests\PacketBuilderLibrary.Tests.csproj", "{40A8B566-2CF7-482A-B430-C09F2B719A81}"
EndProject
Project("{FAE04EC0-301F-11D3-BF4B-00C04F79EFBC}") = "ReceiverExample", "ReceiverExample\ReceiverExample.csproj", "{7A5FA92F-EEA9-4614-AE00-B876A1938394}"
EndProject
Global
	GlobalSection(SolutionConfigurationPlatforms) = preSolution
		Debug|Any CPU = Debug|Any CPU
		Release|Any CPU = Release|Any CPU
	EndGlobalSection
	GlobalSection(ProjectConfigurationPlatforms) = postSolution
		{4E771915-F9D1-48E8-842F-D6C6E245F746}.Debug|Any CPU.ActiveCfg = Debug|Any CPU
		{4E771915-F9D1-48E8-842F-D6C6E245F746}.Debug|Any CPU.Build.0 = Debug|Any CPU
		{4E771915-F9D1-48E8-842F-D6C6E245F746}.Release|Any CPU.ActiveCfg = Release|Any CPU
		{4E771915-F9D1-48E8-842F-D6C6E245F746}.Release|Any CPU.Build.0 = Release|Any CPU
		{40A8B566-2CF7-482A-B430-C09F2B719A81}.Debug|Any CPU.ActiveCfg = Debug|Any CPU
		{40A8B566-2CF7-482A-B430-C09F2B719A81}.Debug|Any CPU.Build.0 = Debug|Any CPU
		{40A8B566-2CF7-482A-B430-C09F2B719A81}.Release|Any CPU.ActiveCfg = Release|Any CPU
		{40A8B566-2CF7-482A-B430-C09F2B719A81}.Release|Any CPU.Build.0 = Release|Any CPU
		{7A5FA92F-EEA9-4614-AE00-B876A1938394}.Debug|Any CPU.ActiveCfg = Debug|Any CPU
		{7A5FA92F-EEA9-4614-AE00-B876A1938394}.Debug|Any CPU.Build.0 = Debug|Any CPU
		{7A5FA92F-EEA9-4614-AE00-B876A1938394}.Release|Any CPU.ActiveCfg = Release|Any CPU
		{7A5FA92F-EEA9-4614-AE00-B876A1938394}.Release|Any CPU.Build.0 = Release|Any CPU
	EndGlobalSection
	GlobalSection(SolutionProperties) = preSolution
		HideSolutionNode = FALSE
	EndGlobalSection
	GlobalSection(ExtensibilityGlobals) = postSolution
		SolutionGuid = {9503EC7C-C5C2-4936-807B-F36C2B93CC4B}
	EndGlobalSection
EndGlobal
